# THIS IS AN AUTOGENERATED FILE. DO NOT EDIT THIS FILE DIRECTLY.
# yarn lockfile v1


balanced-match@^1.0.0:
  version "1.0.0"
  resolved "https://registry.yarnpkg.com/balanced-match/-/balanced-match-1.0.0.tgz#89b4d199ab2bee49de164ea02b89ce462d71b767"

block-stream@*:
  version "0.0.9"
  resolved "https://registry.yarnpkg.com/block-stream/-/block-stream-0.0.9.tgz#13ebfe778a03205cfe03751481ebb4b3300c126a"
  dependencies:
    inherits "~2.0.0"

brace-expansion@^1.1.7:
  version "1.1.11"
  resolved "https://registry.yarnpkg.com/brace-expansion/-/brace-expansion-1.1.11.tgz#3c7fcbf529d87226f3d2f52b966ff5271eb441dd"
  dependencies:
    balanced-match "^1.0.0"
    concat-map "0.0.1"

concat-map@0.0.1:
  version "0.0.1"
  resolved "https://registry.yarnpkg.com/concat-map/-/concat-map-0.0.1.tgz#d8a96bd77fd68df7793a73036a3ba0d5405d477b"

corejs-typeahead@1.2.x:
  version "1.2.1"
  resolved "https://registry.yarnpkg.com/corejs-typeahead/-/corejs-typeahead-1.2.1.tgz#345a8afe664cc494075b59b64777807f0b3f132b"
  dependencies:
    jquery ">=1.11"

desandro-matches-selector@^2.0.0:
  version "2.0.2"
  resolved "https://registry.yarnpkg.com/desandro-matches-selector/-/desandro-matches-selector-2.0.2.tgz#717beed4dc13e7d8f3762f707a6d58a6774218e1"

ev-emitter@^1.0.0:
  version "1.1.1"
  resolved "https://registry.yarnpkg.com/ev-emitter/-/ev-emitter-1.1.1.tgz#8f18b0ce5c76a5d18017f71c0a795c65b9138f2a"

fizzy-ui-utils@^2.0.0:
  version "2.0.7"
  resolved "https://registry.yarnpkg.com/fizzy-ui-utils/-/fizzy-ui-utils-2.0.7.tgz#7df45dcc4eb374a08b65d39bb9a4beedf7330505"
  dependencies:
    desandro-matches-selector "^2.0.0"

fs.realpath@^1.0.0:
  version "1.0.0"
  resolved "https://registry.yarnpkg.com/fs.realpath/-/fs.realpath-1.0.0.tgz#1504ad2523158caa40db4a2787cb01411994ea4f"

fstream@^1.0.10, fstream@^1.0.2:
  version "1.0.11"
  resolved "https://registry.yarnpkg.com/fstream/-/fstream-1.0.11.tgz#5c1fb1f117477114f0632a0eb4b71b3cb0fd3171"
  dependencies:
    graceful-fs "^4.1.2"
    inherits "~2.0.0"
    mkdirp ">=0.5 0"
    rimraf "2"

get-size@^2.0.2:
  version "2.0.2"
  resolved "https://registry.yarnpkg.com/get-size/-/get-size-2.0.2.tgz#555ea98ab8732e0c021e9e23e2219adcbe398e98"

glob@^7.0.5:
  version "7.1.2"
  resolved "https://registry.yarnpkg.com/glob/-/glob-7.1.2.tgz#c19c9df9a028702d678612384a6552404c636d15"
  dependencies:
    fs.realpath "^1.0.0"
    inflight "^1.0.4"
    inherits "2"
    minimatch "^3.0.4"
    once "^1.3.0"
    path-is-absolute "^1.0.0"

graceful-fs@^4.1.2:
  version "4.1.11"
  resolved "https://registry.yarnpkg.com/graceful-fs/-/graceful-fs-4.1.11.tgz#0e8bdfe4d1ddb8854d64e04ea7c00e2a026e5658"

hammerjs@^2.0.4, hammerjs@^2.0.8:
  version "2.0.8"
  resolved "https://registry.yarnpkg.com/hammerjs/-/hammerjs-2.0.8.tgz#04ef77862cff2bb79d30f7692095930222bf60f1"

inflight@^1.0.4:
  version "1.0.6"
  resolved "https://registry.yarnpkg.com/inflight/-/inflight-1.0.6.tgz#49bd6331d7d02d0c09bc910a1075ba8165b56df9"
  dependencies:
    once "^1.3.0"
    wrappy "1"

inherits@2, inherits@~2.0.0:
  version "2.0.3"
  resolved "https://registry.yarnpkg.com/inherits/-/inherits-2.0.3.tgz#633c2c83e3da42a502f52466022480f4208261de"

jquery-ujs@^1.2.2:
  version "1.2.2"
  resolved "https://registry.yarnpkg.com/jquery-ujs/-/jquery-ujs-1.2.2.tgz#6a8ef1020e6b6dda385b90a4bddc128c21c56397"
  dependencies:
    jquery ">=1.8.0"

jquery@3.2.x:
  version "3.2.1"
  resolved "https://registry.yarnpkg.com/jquery/-/jquery-3.2.1.tgz#5c4d9de652af6cd0a770154a631bba12b015c787"

jquery@>=1.11, jquery@>=1.7, jquery@>=1.8.0, "jquery@^3.0.0 || ^2.1.4", jquery@^3.2.1:
  version "3.3.1"
  resolved "https://registry.yarnpkg.com/jquery/-/jquery-3.3.1.tgz#958ce29e81c9790f31be7792df5d4d95fc57fbca"

jquery@^2.1.4:
  version "2.2.4"
  resolved "https://registry.yarnpkg.com/jquery/-/jquery-2.2.4.tgz#2c89d6889b5eac522a7eea32c14521559c6cbf02"

masonry-layout@^4.2.1:
  version "4.2.1"
  resolved "https://registry.yarnpkg.com/masonry-layout/-/masonry-layout-4.2.1.tgz#1c878b85a88866ba6b39b9bd0e162348aed7ce13"
  dependencies:
    get-size "^2.0.2"
    outlayer "^2.1.0"

material-design-icons@^3.0.1:
  version "3.0.1"
  resolved "https://registry.yarnpkg.com/material-design-icons/-/material-design-icons-3.0.1.tgz#9a71c48747218ebca51e51a66da682038cdcb7bf"

materialize-css@0.100.x:
  version "0.100.2"
  resolved "https://registry.yarnpkg.com/materialize-css/-/materialize-css-0.100.2.tgz#9ca32b24904c9a04491fc7d0a2e9402e7b1dae07"
  dependencies:
    hammerjs "^2.0.8"
    jquery "^3.0.0 || ^2.1.4"

materialize-css@0.98.0:
  version "0.98.0"
  resolved "https://registry.yarnpkg.com/materialize-css/-/materialize-css-0.98.0.tgz#aa612c031c0b22d6e7faa8fcdd405e54ad44d278"
  dependencies:
    hammerjs "^2.0.4"
    jquery "^2.1.4"
    node-archiver "^0.3.0"

materialize-tags@^1.2.0:
  version "1.2.3"
  resolved "https://registry.yarnpkg.com/materialize-tags/-/materialize-tags-1.2.3.tgz#b9dcd2a5de30db0d01542855c091d8006a1c47a5"
  dependencies:
    corejs-typeahead "1.2.x"
    jquery "3.2.x"
    materialize-css "0.100.x"

minimatch@^3.0.4:
  version "3.0.4"
  resolved "https://registry.yarnpkg.com/minimatch/-/minimatch-3.0.4.tgz#5166e286457f03306064be5497e8dbb0c3d32083"
  dependencies:
    brace-expansion "^1.1.7"

minimist@0.0.8:
  version "0.0.8"
  resolved "https://registry.yarnpkg.com/minimist/-/minimist-0.0.8.tgz#857fcabfc3397d2625b8228262e86aa7a011b05d"

"mkdirp@>=0.5 0":
  version "0.5.1"
  resolved "https://registry.yarnpkg.com/mkdirp/-/mkdirp-0.5.1.tgz#30057438eac6cf7f8c4767f38648d6697d75c903"
  dependencies:
    minimist "0.0.8"

node-archiver@^0.3.0:
  version "0.3.0"
  resolved "https://registry.yarnpkg.com/node-archiver/-/node-archiver-0.3.0.tgz#b9f1afe5006d0bdf29260181833a070978bc6947"
  dependencies:
    fstream "^1.0.10"
    tar "^2.2.1"

once@^1.3.0:
  version "1.4.0"
  resolved "https://registry.yarnpkg.com/once/-/once-1.4.0.tgz#583b1aa775961d4b113ac17d9c50baef9dd76bd1"
  dependencies:
    wrappy "1"

outlayer@^2.1.0:
  version "2.1.1"
  resolved "https://registry.yarnpkg.com/outlayer/-/outlayer-2.1.1.tgz#29863b6de10ea5dadfffcadfa0d728907387e9a2"
  dependencies:
    ev-emitter "^1.0.0"
    fizzy-ui-utils "^2.0.0"
    get-size "^2.0.2"

path-is-absolute@^1.0.0:
  version "1.0.1"
  resolved "https://registry.yarnpkg.com/path-is-absolute/-/path-is-absolute-1.0.1.tgz#174b9268735534ffbc7ace6bf53a5a9e1b5c5f5f"

pdfjs-dist@1.3.233:
  version "1.3.233"
  resolved "https://registry.yarnpkg.com/pdfjs-dist/-/pdfjs-dist-1.3.233.tgz#743d832d7b96bc3a3c679367951d44493b4974e2"

rimraf@2:
  version "2.6.2"
  resolved "https://registry.yarnpkg.com/rimraf/-/rimraf-2.6.2.tgz#2ed8150d24a16ea8651e6d6ef0f47c4158ce7a36"
  dependencies:
    glob "^7.0.5"

tar@^2.2.1:
  version "2.2.1"
  resolved "https://registry.yarnpkg.com/tar/-/tar-2.2.1.tgz#8e4d2a256c0e2185c6b18ad694aec968b83cb1d1"
  dependencies:
    block-stream "*"
    fstream "^1.0.2"
    inherits "2"

typeahead.js@^0.11.1:
  version "0.11.1"
  resolved "https://registry.yarnpkg.com/typeahead.js/-/typeahead.js-0.11.1.tgz#4e64e671b22310a8606f4aec805924ba84b015b8"
  dependencies:
    jquery ">=1.7"

wrappy@1:
  version "1.0.2"
  resolved "https://registry.yarnpkg.com/wrappy/-/wrappy-1.0.2.tgz#b5243d8f3ec1aa35f1364605bc0d1036e30ab69f"
